
Microsoft Visual Studio Solution File, Format Version 12.00
# Visual Studio Version 17
VisualStudioVersion = 17.9.34701.34
MinimumVisualStudioVersion = 10.0.40219.1
Project("{FAE04EC0-301F-11D3-BF4B-00C04F79EFBC}") = "Lab1", "Lab1\Lab1.csproj", "{821FC5C3-21F2-43A3-9096-19A0D7143C75}"
EndProject
Global
	GlobalSection(SolutionConfigurationPlatforms) = preSolution
		Debug|Any CPU = Debug|Any CPU
		Release|Any CPU = Release|Any CPU
	EndGlobalSection
	GlobalSection(ProjectConfigurationPlatforms) = postSolution
		{821FC5C3-21F2-43A3-9096-19A0D7143C75}.Debug|Any CPU.ActiveCfg = Debug|Any CPU
		{821FC5C3-21F2-43A3-9096-19A0D7143C75}.Debug|Any CPU.Build.0 = Debug|Any CPU
		{821FC5C3-21F2-43A3-9096-19A0D7143C75}.Release|Any CPU.ActiveCfg = Release|Any CPU
		{821FC5C3-21F2-43A3-9096-19A0D7143C75}.Release|Any CPU.Build.0 = Release|Any CPU
	EndGlobalSection
	GlobalSection(SolutionProperties) = preSolution
		HideSolutionNode = FALSE
	EndGlobalSection
	GlobalSection(ExtensibilityGlobals) = postSolution
		SolutionGuid = {29A4ED30-7081-4988-9F55-18A1CD4D42CA}
	EndGlobalSection
EndGlobal
